{
  "name": "paytm",
  "version": "1.0.0",
  "lockfileVersion": 1,
  "requires": true,
  "dependencies": {
    "@babel/polyfill": {
      "version": "7.12.1",
      "resolved": "https://registry.npmjs.org/@babel/polyfill/-/polyfill-7.12.1.tgz",
      "integrity": "sha512-X0pi0V6gxLi6lFZpGmeNa4zxtwEmCs42isWLNjZZDE0Y8yVfgu0T2OAHlzBbdYlqbW/YXVvoBHpATEM+goCj8g==",
      "requires": {
        "core-js": "^2.6.5",
        "regenerator-runtime": "^0.13.4"
      }
    },
    "@types/offscreencanvas": {
      "version": "2019.7.1",
      "resolved": "https://registry.npmjs.org/@types/offscreencanvas/-/offscreencanvas-2019.7.1.tgz",
      "integrity": "sha512-+HSrJgjBW77ALieQdMJvXhRZUIRN1597L+BKvsyeiIlHHERnqjcuOLyodK3auJ3Y3zRezNKtKAhuQWYJfEgFHQ=="
    },
    "@uirouter/angularjs": {
      "version": "1.1.0",
      "resolved": "https://registry.npmjs.org/@uirouter/angularjs/-/angularjs-1.1.0.tgz",
      "integrity": "sha512-AhgxXhMfN6FU2HxDQqwDPbzmd6kTgvYCgV/kgoCAXfxAH6cFQrifViToC90Wdg6djBynHwA3L/KYP+iOYHkw6A=="
    },
    "@uirouter/core": {
      "version": "6.0.6",
      "resolved": "https://registry.npmjs.org/@uirouter/core/-/core-6.0.6.tgz",
      "integrity": "sha512-+i1iNaPQRp1JoEnxi4EsTX30bSvkWtPEenENWdvdIzX615Q3WCWwnbW9DtrwX9gSD5qmWEaQEtGMU0uF3qJ+1g=="
    },
    "@zxing/library": {
      "version": "0.15.2",
      "resolved": "https://registry.npmjs.org/@zxing/library/-/library-0.15.2.tgz",
      "integrity": "sha512-J+N88Eyg6eI2SKIk2YIkjjNICbMSqmLZnB3oD1S21Bi3k+Ddg2eKe/nW+Hce4NKAFAZtY1mdDM08Bj9eu87HSg==",
      "requires": {
        "text-encoding": "^0.7.0",
        "ts-custom-error": "^3.0.0"
      }
    },
    "angular": {
      "version": "1.8.2",
      "resolved": "https://registry.npmjs.org/angular/-/angular-1.8.2.tgz",
      "integrity": "sha512-IauMOej2xEe7/7Ennahkbb5qd/HFADiNuLSESz9Q27inmi32zB0lnAsFeLEWcox3Gd1F6YhNd1CP7/9IukJ0Gw=="
    },
    "angular-ui-router": {
      "version": "1.0.28",
      "resolved": "https://registry.npmjs.org/angular-ui-router/-/angular-ui-router-1.0.28.tgz",
      "integrity": "sha512-BhcaW/ac+6/Ps9to9tHEuCG3LHgatD5mL0a6WRie4mBxdOjaEqNMB6SIB0l7qNpJMhMsi3m2SRMknk52rZCQQg==",
      "requires": {
        "@uirouter/core": "6.0.6"
      }
    },
    "angular-weblineindia-qrcode-scanner": {
      "version": "1.0.0",
      "resolved": "https://registry.npmjs.org/angular-weblineindia-qrcode-scanner/-/angular-weblineindia-qrcode-scanner-1.0.0.tgz",
      "integrity": "sha512-XKWywkrXz+lZmJ6PP8NOew5EaEFYzkh3jyIzHcNovPxCKg5U5VBIgOJVKsWP7VyAsdFWwsFFdk0+VWPh1ENpgg==",
      "requires": {
        "@zxing/library": "^0.15.1",
        "tslib": "^1.9.0"
      },
      "dependencies": {
        "tslib": {
          "version": "1.14.1",
          "resolved": "https://registry.npmjs.org/tslib/-/tslib-1.14.1.tgz",
          "integrity": "sha512-Xni35NKzjgMrwevysHTCArtLDpPvye8zV/0E4EyYn43P7/7qvQwPh9BGkHewbMulVntbigmcT7rdX3BNo9wRJg=="
        }
      }
    },
    "angularjs-sweetalert2": {
      "version": "1.0.0",
      "resolved": "https://registry.npmjs.org/angularjs-sweetalert2/-/angularjs-sweetalert2-1.0.0.tgz",
      "integrity": "sha512-SLvQTVItLsDEaMc7gXNUDDkd/ZqPpn0DqE+qJGDFoCfTjd9i9IevUqNdA75PkjcG1qsw0BB88GuoGxofjXZz5w==",
      "requires": {
        "angular": "^1.3.14",
        "sweetalert2": "9.*"
      }
    },
    "bootstrap": {
      "version": "3.4.1",
      "resolved": "https://registry.npmjs.org/bootstrap/-/bootstrap-3.4.1.tgz",
      "integrity": "sha512-yN5oZVmRCwe5aKwzRj6736nSmKDX7pLYwsXiCj/EYmo16hODaBiT4En5btW/jhBF/seV+XMx3aYwukYC3A49DA=="
    },
    "bootstrap-icons": {
      "version": "1.11.1",
      "resolved": "https://registry.npmjs.org/bootstrap-icons/-/bootstrap-icons-1.11.1.tgz",
      "integrity": "sha512-F0DDp7nKUX+x/QtpfRZ+XHFya60ng9nfdpdS59vDDfs4Uhuxp7zym/QavMsu/xx51txkoM9eVmpE7D08N35blw=="
    },
    "core-js": {
      "version": "2.6.12",
      "resolved": "https://registry.npmjs.org/core-js/-/core-js-2.6.12.tgz",
      "integrity": "sha512-Kb2wC0fvsWfQrgk8HU5lW6U/Lcs8+9aaYcy4ZFc6DDlo4nZ7n70dEgE5rtR0oG6ufKDUnrwfWL1mXR5ljDatrQ=="
    },
    "dargs": {
      "version": "8.1.0",
      "resolved": "https://registry.npmjs.org/dargs/-/dargs-8.1.0.tgz",
      "integrity": "sha512-wAV9QHOsNbwnWdNW2FYvE1P56wtgSbM+3SZcdGiWQILwVjACCXDCI3Ai8QlCjMDB8YK5zySiXZYBiwGmNY3lnw=="
    },
    "es6-object-assign": {
      "version": "1.1.0",
      "resolved": "https://registry.npmjs.org/es6-object-assign/-/es6-object-assign-1.1.0.tgz",
      "integrity": "sha512-MEl9uirslVwqQU369iHNWZXsI8yaZYGg/D65aOgZkeyFJwHYSxilf7rQzXKI7DdDuBPrBXbfk3sl9hJhmd5AUw=="
    },
    "git-raw-commits": {
      "version": "4.0.0",
      "resolved": "https://registry.npmjs.org/git-raw-commits/-/git-raw-commits-4.0.0.tgz",
      "integrity": "sha512-ICsMM1Wk8xSGMowkOmPrzo2Fgmfo4bMHLNX6ytHjajRJUqvHOw/TFapQ+QG75c3X/tTDDhOSRPGC52dDbNM8FQ==",
      "requires": {
        "dargs": "^8.0.0",
        "meow": "^12.0.1",
        "split2": "^4.0.0"
      }
    },
    "idempotent-babel-polyfill": {
      "version": "7.4.4",
      "resolved": "https://registry.npmjs.org/idempotent-babel-polyfill/-/idempotent-babel-polyfill-7.4.4.tgz",
      "integrity": "sha512-ULnqegUJke43XlsW5bI2zvoOCiFwn5AjRK/DJA5V6jj4yf+vKEZmiYll2x9+FQb9e6a+KQ/D+r8w7ydCYuiaRA==",
      "requires": {
        "@babel/polyfill": "7.4.4"
      },
      "dependencies": {
        "@babel/polyfill": {
          "version": "7.4.4",
          "resolved": "https://registry.npmjs.org/@babel/polyfill/-/polyfill-7.4.4.tgz",
          "integrity": "sha512-WlthFLfhQQhh+A2Gn5NSFl0Huxz36x86Jn+E9OW7ibK8edKPq+KLy4apM1yDpQ8kJOVi1OVjpP4vSDLdrI04dg==",
          "requires": {
            "core-js": "^2.6.5",
            "regenerator-runtime": "^0.13.2"
          }
        }
      }
    },
    "jquery": {
      "version": "3.5.1",
      "resolved": "https://registry.npmjs.org/jquery/-/jquery-3.5.1.tgz",
      "integrity": "sha512-XwIBPqcMn57FxfT+Go5pzySnm4KWkT1Tv7gjrpT1srtf8Weynl6R273VJ5GjkRb51IzMp5nbaPjJXMWeju2MKg=="
    },
    "meow": {
      "version": "12.1.1",
      "resolved": "https://registry.npmjs.org/meow/-/meow-12.1.1.tgz",
      "integrity": "sha512-BhXM0Au22RwUneMPwSCnyhTOizdWoIEPU9sp0Aqa1PnDMR5Wv2FGXYDjuzJEIX+Eo2Rb8xuYe5jrnm5QowQFkw=="
    },
    "ngx-bootstrap-icons": {
      "version": "1.9.2",
      "resolved": "https://registry.npmjs.org/ngx-bootstrap-icons/-/ngx-bootstrap-icons-1.9.2.tgz",
      "integrity": "sha512-YHd2xNd7/6X0pdgAuIGWkw7hywKigl6YPt5oUw7TrDdv2RlSOVJWhClIQjp/SHIgfAGyX3NiGqJvsKYmV6PIDQ==",
      "requires": {
        "tslib": "^2.3.0"
      }
    },
    "promise-polyfill": {
      "version": "8.3.0",
      "resolved": "https://registry.npmjs.org/promise-polyfill/-/promise-polyfill-8.3.0.tgz",
      "integrity": "sha512-H5oELycFml5yto/atYqmjyigJoAo3+OXwolYiH7OfQuYlAqhxNvTfiNMbV9hsC6Yp83yE5r2KTVmtrG6R9i6Pg=="
    },
    "qr-scanner": {
      "version": "1.4.2",
      "resolved": "https://registry.npmjs.org/qr-scanner/-/qr-scanner-1.4.2.tgz",
      "integrity": "sha512-kV1yQUe2FENvn59tMZW6mOVfpq9mGxGf8l6+EGaXUOd4RBOLg7tRC83OrirM5AtDvZRpdjdlXURsHreAOSPOUw==",
      "requires": {
        "@types/offscreencanvas": "^2019.6.4"
      }
    },
    "regenerator-runtime": {
      "version": "0.13.11",
      "resolved": "https://registry.npmjs.org/regenerator-runtime/-/regenerator-runtime-0.13.11.tgz",
      "integrity": "sha512-kY1AZVr2Ra+t+piVaJ4gxaFaReZVH40AKNo7UCX6W+dEwBo/2oZJzqfuN1qLq1oL45o56cPaTXELwrTh8Fpggg=="
    },
    "split2": {
      "version": "4.2.0",
      "resolved": "https://registry.npmjs.org/split2/-/split2-4.2.0.tgz",
      "integrity": "sha512-UcjcJOWknrNkF6PLX83qcHM6KHgVKNkV62Y8a5uYDVv9ydGQVwAHMKqHdJje1VTWpljG0WYpCDhrCdAOYH4TWg=="
    },
    "sweetalert": {
      "version": "2.1.2",
      "resolved": "https://registry.npmjs.org/sweetalert/-/sweetalert-2.1.2.tgz",
      "integrity": "sha512-iWx7X4anRBNDa/a+AdTmvAzQtkN1+s4j/JJRWlHpYE8Qimkohs8/XnFcWeYHH2lMA8LRCa5tj2d244If3S/hzA==",
      "requires": {
        "es6-object-assign": "^1.1.0",
        "promise-polyfill": "^6.0.2"
      },
      "dependencies": {
        "promise-polyfill": {
          "version": "6.1.0",
          "resolved": "https://registry.npmjs.org/promise-polyfill/-/promise-polyfill-6.1.0.tgz",
          "integrity": "sha512-g0LWaH0gFsxovsU7R5LrrhHhWAWiHRnh1GPrhXnPgYsDkIqjRYUYSZEsej/wtleDrz5xVSIDbeKfidztp2XHFQ=="
        }
      }
    },
    "sweetalert2": {
      "version": "9.17.4",
      "resolved": "https://registry.npmjs.org/sweetalert2/-/sweetalert2-9.17.4.tgz",
      "integrity": "sha512-T6Js/kjtGmpekE1tPT+drdgsedEnaet03mMadKUMvtBlFzVLcYy8kvIuchaQJ09rhG5bdmRRMQ2sEK0ZnHi1vg=="
    },
    "text-encoding": {
      "version": "0.7.0",
      "resolved": "https://registry.npmjs.org/text-encoding/-/text-encoding-0.7.0.tgz",
      "integrity": "sha512-oJQ3f1hrOnbRLOcwKz0Liq2IcrvDeZRHXhd9RgLrsT+DjWY/nty1Hi7v3dtkaEYbPYe0mUoOfzRrMwfXXwgPUA==",
      "optional": true
    },
    "ts-custom-error": {
      "version": "3.3.1",
      "resolved": "https://registry.npmjs.org/ts-custom-error/-/ts-custom-error-3.3.1.tgz",
      "integrity": "sha512-5OX1tzOjxWEgsr/YEUWSuPrQ00deKLh6D7OTWcvNHm12/7QPyRh8SYpyWvA4IZv8H/+GQWQEh/kwo95Q9OVW1A=="
    },
    "tslib": {
      "version": "2.6.2",
      "resolved": "https://registry.npmjs.org/tslib/-/tslib-2.6.2.tgz",
      "integrity": "sha512-AEYxH93jGFPn/a2iVAwW87VuUIkR1FVUKB77NwMF7nBTDkDrrT/Hpt/IrCJ0QXhW27jTBDcf5ZY7w6RiqTMw2Q=="
    },
    "webcam": {
      "version": "3.2.1",
      "resolved": "https://registry.npmjs.org/webcam/-/webcam-3.2.1.tgz",
      "integrity": "sha512-TJ68Olwh90wxiiz7CY2fanLh584hdUJGVPPNt2RsjXtMva4Rcf2aJCVadiPWL2DSB0vYUOMorlhJsuz08/ArZQ=="
    }
  }
}
